components:
  - id: greentic.secrets.provider.k8s
    version: "__PACK_VERSION__"
    source: oci
    uri: ghcr.io/greenticai/components/greentic.secrets.provider.k8s:__PACK_VERSION__
  - id: greentic.secrets.audit_exporter
    version: "__PACK_VERSION__"
    source: oci
    uri: ghcr.io/greenticai/components/greentic.secrets.audit_exporter:__PACK_VERSION__
  - id: greentic.secrets.policy_validator
    version: "__PACK_VERSION__"
    source: oci
    uri: ghcr.io/greenticai/components/greentic.secrets.policy_validator:__PACK_VERSION__
