components:
  - id: greentic.secrets.provider.vault_kv
    version: "__PACK_VERSION__"
    source: oci
    # FIXME(provider-version): Temporary fallback to the last known published tag.
    # Switch this back to the latest workspace version once component publishing is fixed.
    uri: ghcr.io/greentic-ai/components/secrets-provider-vault-kv:0.4.23
  # FIXME(generators): Removed unresolved component reference.
  # Restore after publishing ghcr.io/greentic-ai/components/greentic.secrets.generators:__PACK_VERSION__.
  # FIXME(audit-exporter): Removed unresolved component reference.
  # Restore after publishing ghcr.io/greentic-ai/components/greentic.secrets.audit_exporter:__PACK_VERSION__.
  # FIXME(policy-validator): Removed unresolved component reference.
  # Restore after publishing ghcr.io/greentic-ai/components/greentic.secrets.policy_validator:__PACK_VERSION__.
