components:
  - id: greentic.secrets.provider.vault_kv
    version: "__PACK_VERSION__"
    source: oci
    uri: ghcr.io/greenticai/components/secrets-provider-vault-kv:__PACK_VERSION__
  # FIXME(generators): Removed unresolved component reference.
  # Restore after publishing ghcr.io/greenticai/components/greentic.secrets.generators:__PACK_VERSION__.
  # FIXME(audit-exporter): Removed unresolved component reference.
  # Restore after publishing ghcr.io/greenticai/components/greentic.secrets.audit_exporter:__PACK_VERSION__.
  # FIXME(policy-validator): Removed unresolved component reference.
  # Restore after publishing ghcr.io/greenticai/components/greentic.secrets.policy_validator:__PACK_VERSION__.
